Microsoft Visual Studio Solution File, Format Version 12.00
# Visual Studio Version 17
VisualStudioVersion = 17.5.2.0
MinimumVisualStudioVersion = 10.0.40219.1
Project("{FAE04EC0-301F-11D3-BF4B-00C04F79EFBC}") = "Kaenx.Konnect", "Kaenx.Konnect.csproj", "{5108C0E3-1E80-8CF7-693C-F17523A6D44C}"
EndProject
Global
	GlobalSection(SolutionConfigurationPlatforms) = preSolution
		Debug|Any CPU = Debug|Any CPU
		Release|Any CPU = Release|Any CPU
	EndGlobalSection
	GlobalSection(ProjectConfigurationPlatforms) = postSolution
		{5108C0E3-1E80-8CF7-693C-F17523A6D44C}.Debug|Any CPU.ActiveCfg = Debug|Any CPU
		{5108C0E3-1E80-8CF7-693C-F17523A6D44C}.Debug|Any CPU.Build.0 = Debug|Any CPU
		{5108C0E3-1E80-8CF7-693C-F17523A6D44C}.Release|Any CPU.ActiveCfg = Release|Any CPU
		{5108C0E3-1E80-8CF7-693C-F17523A6D44C}.Release|Any CPU.Build.0 = Release|Any CPU
	EndGlobalSection
	GlobalSection(SolutionProperties) = preSolution
		HideSolutionNode = FALSE
	EndGlobalSection
	GlobalSection(ExtensibilityGlobals) = postSolution
		SolutionGuid = {DE3646DF-8298-4AAE-9674-610510408FC7}
	EndGlobalSection
EndGlobal
